
Microsoft Visual Studio Solution File, Format Version 12.00
# Visual Studio Version 17
VisualStudioVersion = 17.10.34916.146
MinimumVisualStudioVersion = 10.0.40219.1
Project("{8BC9CEB8-8B4A-11D0-8D11-00A0C91BC942}") = "Match3Game", "Match3Game\Match3Game.vcxproj", "{93F9C5E6-A5CD-427A-93AC-86A242BACA98}"
EndProject
Global
	GlobalSection(SolutionConfigurationPlatforms) = preSolution
		Debug|x64 = Debug|x64
		Debug|x86 = Debug|x86
		Release|x64 = Release|x64
		Release|x86 = Release|x86
	EndGlobalSection
	GlobalSection(ProjectConfigurationPlatforms) = postSolution
		{93F9C5E6-A5CD-427A-93AC-86A242BACA98}.Debug|x64.ActiveCfg = Debug|x64
		{93F9C5E6-A5CD-427A-93AC-86A242BACA98}.Debug|x64.Build.0 = Debug|x64
		{93F9C5E6-A5CD-427A-93AC-86A242BACA98}.Debug|x86.ActiveCfg = Debug|Win32
		{93F9C5E6-A5CD-427A-93AC-86A242BACA98}.Debug|x86.Build.0 = Debug|Win32
		{93F9C5E6-A5CD-427A-93AC-86A242BACA98}.Release|x64.ActiveCfg = Release|x64
		{93F9C5E6-A5CD-427A-93AC-86A242BACA98}.Release|x64.Build.0 = Release|x64
		{93F9C5E6-A5CD-427A-93AC-86A242BACA98}.Release|x86.ActiveCfg = Release|Win32
		{93F9C5E6-A5CD-427A-93AC-86A242BACA98}.Release|x86.Build.0 = Release|Win32
	EndGlobalSection
	GlobalSection(SolutionProperties) = preSolution
		HideSolutionNode = FALSE
	EndGlobalSection
	GlobalSection(ExtensibilityGlobals) = postSolution
		SolutionGuid = {B81A14A8-A072-42CA-80A4-C522F3A73811}
	EndGlobalSection
EndGlobal
